// !$*UTF8*$!
{
	archiveVersion = 1;
	classes = {
	};
	objectVersion = 56;
	objects = {

/* Begin PBXBuildFile section */
		DF18956B3B44245C9BC9E9C1 /* Pods_VTBMapProject.framework in Frameworks */ = {isa = PBXBuildFile; fileRef = 4AA465235FA6C0F96C776AAD /* Pods_VTBMapProject.framework */; };
		F5A45E662ADA90D50087FDB8 /* AppDelegate.swift in Sources */ = {isa = PBXBuildFile; fileRef = F5A45E652ADA90D50087FDB8 /* AppDelegate.swift */; };
		F5A45E682ADA90D50087FDB8 /* SceneDelegate.swift in Sources */ = {isa = PBXBuildFile; fileRef = F5A45E672ADA90D50087FDB8 /* SceneDelegate.swift */; };
		F5A45E6A2ADA90D50087FDB8 /* MainMapViewController.swift in Sources */ = {isa = PBXBuildFile; fileRef = F5A45E692ADA90D50087FDB8 /* MainMapViewController.swift */; };
		F5A45E6D2ADA90D50087FDB8 /* Main.storyboard in Resources */ = {isa = PBXBuildFile; fileRef = F5A45E6B2ADA90D50087FDB8 /* Main.storyboard */; };
		F5A45E6F2ADA90D50087FDB8 /* Assets.xcassets in Resources */ = {isa = PBXBuildFile; fileRef = F5A45E6E2ADA90D50087FDB8 /* Assets.xcassets */; };
		F5A45E722ADA90D50087FDB8 /* LaunchScreen.storyboard in Resources */ = {isa = PBXBuildFile; fileRef = F5A45E702ADA90D50087FDB8 /* LaunchScreen.storyboard */; };
		F5A45E7B2ADA91140087FDB8 /* BankDepartmentModel.swift in Sources */ = {isa = PBXBuildFile; fileRef = F5A45E792ADA91140087FDB8 /* BankDepartmentModel.swift */; };
		F5A45E7C2ADA91140087FDB8 /* DetailViewController.swift in Sources */ = {isa = PBXBuildFile; fileRef = F5A45E7A2ADA91140087FDB8 /* DetailViewController.swift */; };
		F5A45E802ADA95910087FDB8 /* SegmentContollView.swift in Sources */ = {isa = PBXBuildFile; fileRef = F5A45E7F2ADA95910087FDB8 /* SegmentContollView.swift */; };
/* End PBXBuildFile section */

/* Begin PBXFileReference section */
		4AA465235FA6C0F96C776AAD /* Pods_VTBMapProject.framework */ = {isa = PBXFileReference; explicitFileType = wrapper.framework; includeInIndex = 0; path = Pods_VTBMapProject.framework; sourceTree = BUILT_PRODUCTS_DIR; };
		E6849672445A00ADA90C28E1 /* Pods-VTBMapProject.debug.xcconfig */ = {isa = PBXFileReference; includeInIndex = 1; lastKnownFileType = text.xcconfig; name = "Pods-VTBMapProject.debug.xcconfig"; path = "Target Support Files/Pods-VTBMapProject/Pods-VTBMapProject.debug.xcconfig"; sourceTree = "<group>"; };
		F3A9031687DE4BFF694853CE /* Pods-VTBMapProject.release.xcconfig */ = {isa = PBXFileReference; includeInIndex = 1; lastKnownFileType = text.xcconfig; name = "Pods-VTBMapProject.release.xcconfig"; path = "Target Support Files/Pods-VTBMapProject/Pods-VTBMapProject.release.xcconfig"; sourceTree = "<group>"; };
		F5A45E622ADA90D50087FDB8 /* VTBMapProject.app */ = {isa = PBXFileReference; explicitFileType = wrapper.application; includeInIndex = 0; path = VTBMapProject.app; sourceTree = BUILT_PRODUCTS_DIR; };
		F5A45E652ADA90D50087FDB8 /* AppDelegate.swift */ = {isa = PBXFileReference; lastKnownFileType = sourcecode.swift; path = AppDelegate.swift; sourceTree = "<group>"; };
		F5A45E672ADA90D50087FDB8 /* SceneDelegate.swift */ = {isa = PBXFileReference; lastKnownFileType = sourcecode.swift; path = SceneDelegate.swift; sourceTree = "<group>"; };
		F5A45E692ADA90D50087FDB8 /* MainMapViewController.swift */ = {isa = PBXFileReference; lastKnownFileType = sourcecode.swift; path = MainMapViewController.swift; sourceTree = "<group>"; };
		F5A45E6C2ADA90D50087FDB8 /* Base */ = {isa = PBXFileReference; lastKnownFileType = file.storyboard; name = Base; path = Base.lproj/Main.storyboard; sourceTree = "<group>"; };
		F5A45E6E2ADA90D50087FDB8 /* Assets.xcassets */ = {isa = PBXFileReference; lastKnownFileType = folder.assetcatalog; path = Assets.xcassets; sourceTree = "<group>"; };
		F5A45E712ADA90D50087FDB8 /* Base */ = {isa = PBXFileReference; lastKnownFileType = file.storyboard; name = Base; path = Base.lproj/LaunchScreen.storyboard; sourceTree = "<group>"; };
		F5A45E732ADA90D50087FDB8 /* Info.plist */ = {isa = PBXFileReference; lastKnownFileType = text.plist.xml; path = Info.plist; sourceTree = "<group>"; };
		F5A45E792ADA91140087FDB8 /* BankDepartmentModel.swift */ = {isa = PBXFileReference; fileEncoding = 4; lastKnownFileType = sourcecode.swift; path = BankDepartmentModel.swift; sourceTree = "<group>"; };
		F5A45E7A2ADA91140087FDB8 /* DetailViewController.swift */ = {isa = PBXFileReference; fileEncoding = 4; lastKnownFileType = sourcecode.swift; path = DetailViewController.swift; sourceTree = "<group>"; };
		F5A45E7F2ADA95910087FDB8 /* SegmentContollView.swift */ = {isa = PBXFileReference; lastKnownFileType = sourcecode.swift; path = SegmentContollView.swift; sourceTree = "<group>"; };
/* End PBXFileReference section */

/* Begin PBXFrameworksBuildPhase section */
		F5A45E5F2ADA90D50087FDB8 /* Frameworks */ = {
			isa = PBXFrameworksBuildPhase;
			buildActionMask = 2147483647;
			files = (
				DF18956B3B44245C9BC9E9C1 /* Pods_VTBMapProject.framework in Frameworks */,
			);
			runOnlyForDeploymentPostprocessing = 0;
		};
/* End PBXFrameworksBuildPhase section */

/* Begin PBXGroup section */
		1C592CCA212F8B25D67D3B62 /* Pods */ = {
			isa = PBXGroup;
			children = (
				E6849672445A00ADA90C28E1 /* Pods-VTBMapProject.debug.xcconfig */,
				F3A9031687DE4BFF694853CE /* Pods-VTBMapProject.release.xcconfig */,
			);
			path = Pods;
			sourceTree = "<group>";
		};
		B91E94E6C01F8EC6183F57F5 /* Frameworks */ = {
			isa = PBXGroup;
			children = (
				4AA465235FA6C0F96C776AAD /* Pods_VTBMapProject.framework */,
			);
			name = Frameworks;
			sourceTree = "<group>";
		};
		F5A45E592ADA90D40087FDB8 = {
			isa = PBXGroup;
			children = (
				F5A45E642ADA90D50087FDB8 /* VTBMapProject */,
				F5A45E632ADA90D50087FDB8 /* Products */,
				1C592CCA212F8B25D67D3B62 /* Pods */,
				B91E94E6C01F8EC6183F57F5 /* Frameworks */,
			);
			sourceTree = "<group>";
		};
		F5A45E632ADA90D50087FDB8 /* Products */ = {
			isa = PBXGroup;
			children = (
				F5A45E622ADA90D50087FDB8 /* VTBMapProject.app */,
			);
			name = Products;
			sourceTree = "<group>";
		};
		F5A45E642ADA90D50087FDB8 /* VTBMapProject */ = {
			isa = PBXGroup;
			children = (
				F5A45E652ADA90D50087FDB8 /* AppDelegate.swift */,
				F5A45E7D2ADA951D0087FDB8 /* MainMap */,
				F5A45E672ADA90D50087FDB8 /* SceneDelegate.swift */,
				F5A45E792ADA91140087FDB8 /* BankDepartmentModel.swift */,
				F5A45E7A2ADA91140087FDB8 /* DetailViewController.swift */,
				F5A45E6B2ADA90D50087FDB8 /* Main.storyboard */,
				F5A45E6E2ADA90D50087FDB8 /* Assets.xcassets */,
				F5A45E702ADA90D50087FDB8 /* LaunchScreen.storyboard */,
				F5A45E732ADA90D50087FDB8 /* Info.plist */,
			);
			path = VTBMapProject;
			sourceTree = "<group>";
		};
		F5A45E7D2ADA951D0087FDB8 /* MainMap */ = {
			isa = PBXGroup;
			children = (
				F5A45E7E2ADA95420087FDB8 /* View */,
				F5A45E692ADA90D50087FDB8 /* MainMapViewController.swift */,
			);
			path = MainMap;
			sourceTree = "<group>";
		};
		F5A45E7E2ADA95420087FDB8 /* View */ = {
			isa = PBXGroup;
			children = (
				F5A45E7F2ADA95910087FDB8 /* SegmentContollView.swift */,
			);
			path = View;
			sourceTree = "<group>";
		};
/* End PBXGroup section */

/* Begin PBXNativeTarget section */
		F5A45E612ADA90D50087FDB8 /* VTBMapProject */ = {
			isa = PBXNativeTarget;
			buildConfigurationList = F5A45E762ADA90D50087FDB8 /* Build configuration list for PBXNativeTarget "VTBMapProject" */;
			buildPhases = (
				711E9C91A5398B7363C99F61 /* [CP] Check Pods Manifest.lock */,
				F5A45E5E2ADA90D50087FDB8 /* Sources */,
				F5A45E5F2ADA90D50087FDB8 /* Frameworks */,
				F5A45E602ADA90D50087FDB8 /* Resources */,
				B3D4064BDA16D48ECFE591C2 /* [CP] Embed Pods Frameworks */,
				E75E741AD6D3A84840E2312B /* [CP] Copy Pods Resources */,
			);
			buildRules = (
			);
			dependencies = (
			);
			name = VTBMapProject;
			productName = VTBMapProject;
			productReference = F5A45E622ADA90D50087FDB8 /* VTBMapProject.app */;
			productType = "com.apple.product-type.application";
		};
/* End PBXNativeTarget section */

/* Begin PBXProject section */
		F5A45E5A2ADA90D40087FDB8 /* Project object */ = {
			isa = PBXProject;
			attributes = {
				BuildIndependentTargetsInParallel = 1;
				LastSwiftUpdateCheck = 1500;
				LastUpgradeCheck = 1500;
				TargetAttributes = {
					F5A45E612ADA90D50087FDB8 = {
						CreatedOnToolsVersion = 15.0;
					};
				};
			};
			buildConfigurationList = F5A45E5D2ADA90D40087FDB8 /* Build configuration list for PBXProject "VTBMapProject" */;
			compatibilityVersion = "Xcode 14.0";
			developmentRegion = en;
			hasScannedForEncodings = 0;
			knownRegions = (
				en,
				Base,
			);
			mainGroup = F5A45E592ADA90D40087FDB8;
			productRefGroup = F5A45E632ADA90D50087FDB8 /* Products */;
			projectDirPath = "";
			projectRoot = "";
			targets = (
				F5A45E612ADA90D50087FDB8 /* VTBMapProject */,
			);
		};
/* End PBXProject section */

/* Begin PBXResourcesBuildPhase section */
		F5A45E602ADA90D50087FDB8 /* Resources */ = {
			isa = PBXResourcesBuildPhase;
			buildActionMask = 2147483647;
			files = (
				F5A45E722ADA90D50087FDB8 /* LaunchScreen.storyboard in Resources */,
				F5A45E6F2ADA90D50087FDB8 /* Assets.xcassets in Resources */,
				F5A45E6D2ADA90D50087FDB8 /* Main.storyboard in Resources */,
			);
			runOnlyForDeploymentPostprocessing = 0;
		};
/* End PBXResourcesBuildPhase section */

/* Begin PBXShellScriptBuildPhase section */
		711E9C91A5398B7363C99F61 /* [CP] Check Pods Manifest.lock */ = {
			isa = PBXShellScriptBuildPhase;
			buildActionMask = 2147483647;
			files = (
			);
			inputFileListPaths = (
			);
			inputPaths = (
				"${PODS_PODFILE_DIR_PATH}/Podfile.lock",
				"${PODS_ROOT}/Manifest.lock",
			);
			name = "[CP] Check Pods Manifest.lock";
			outputFileListPaths = (
			);
			outputPaths = (
				"$(DERIVED_FILE_DIR)/Pods-VTBMapProject-checkManifestLockResult.txt",
			);
			runOnlyForDeploymentPostprocessing = 0;
			shellPath = /bin/sh;
			shellScript = "diff \"${PODS_PODFILE_DIR_PATH}/Podfile.lock\" \"${PODS_ROOT}/Manifest.lock\" > /dev/null\nif [ $? != 0 ] ; then\n    # print error to STDERR\n    echo \"error: The sandbox is not in sync with the Podfile.lock. Run 'pod install' or update your CocoaPods installation.\" >&2\n    exit 1\nfi\n# This output is used by Xcode 'outputs' to avoid re-running this script phase.\necho \"SUCCESS\" > \"${SCRIPT_OUTPUT_FILE_0}\"\n";
			showEnvVarsInLog = 0;
		};
		B3D4064BDA16D48ECFE591C2 /* [CP] Embed Pods Frameworks */ = {
			isa = PBXShellScriptBuildPhase;
			buildActionMask = 2147483647;
			files = (
			);
			inputFileListPaths = (
				"${PODS_ROOT}/Target Support Files/Pods-VTBMapProject/Pods-VTBMapProject-frameworks-${CONFIGURATION}-input-files.xcfilelist",
			);
			name = "[CP] Embed Pods Frameworks";
			outputFileListPaths = (
				"${PODS_ROOT}/Target Support Files/Pods-VTBMapProject/Pods-VTBMapProject-frameworks-${CONFIGURATION}-output-files.xcfilelist",
			);
			runOnlyForDeploymentPostprocessing = 0;
			shellPath = /bin/sh;
			shellScript = "\"${PODS_ROOT}/Target Support Files/Pods-VTBMapProject/Pods-VTBMapProject-frameworks.sh\"\n";
			showEnvVarsInLog = 0;
		};
		E75E741AD6D3A84840E2312B /* [CP] Copy Pods Resources */ = {
			isa = PBXShellScriptBuildPhase;
			buildActionMask = 2147483647;
			files = (
			);
			inputFileListPaths = (
				"${PODS_ROOT}/Target Support Files/Pods-VTBMapProject/Pods-VTBMapProject-resources-${CONFIGURATION}-input-files.xcfilelist",
			);
			name = "[CP] Copy Pods Resources";
			outputFileListPaths = (
				"${PODS_ROOT}/Target Support Files/Pods-VTBMapProject/Pods-VTBMapProject-resources-${CONFIGURATION}-output-files.xcfilelist",
			);
			runOnlyForDeploymentPostprocessing = 0;
			shellPath = /bin/sh;
			shellScript = "\"${PODS_ROOT}/Target Support Files/Pods-VTBMapProject/Pods-VTBMapProject-resources.sh\"\n";
			showEnvVarsInLog = 0;
		};
/* End PBXShellScriptBuildPhase section */

/* Begin PBXSourcesBuildPhase section */
		F5A45E5E2ADA90D50087FDB8 /* Sources */ = {
			isa = PBXSourcesBuildPhase;
			buildActionMask = 2147483647;
			files = (
				F5A45E6A2ADA90D50087FDB8 /* MainMapViewController.swift in Sources */,
				F5A45E7B2ADA91140087FDB8 /* BankDepartmentModel.swift in Sources */,
				F5A45E7C2ADA91140087FDB8 /* DetailViewController.swift in Sources */,
				F5A45E662ADA90D50087FDB8 /* AppDelegate.swift in Sources */,
				F5A45E802ADA95910087FDB8 /* SegmentContollView.swift in Sources */,
				F5A45E682ADA90D50087FDB8 /* SceneDelegate.swift in Sources */,
			);
			runOnlyForDeploymentPostprocessing = 0;
		};
/* End PBXSourcesBuildPhase section */

/* Begin PBXVariantGroup section */
		F5A45E6B2ADA90D50087FDB8 /* Main.storyboard */ = {
			isa = PBXVariantGroup;
			children = (
				F5A45E6C2ADA90D50087FDB8 /* Base */,
			);
			name = Main.storyboard;
			sourceTree = "<group>";
		};
		F5A45E702ADA90D50087FDB8 /* LaunchScreen.storyboard */ = {
			isa = PBXVariantGroup;
			children = (
				F5A45E712ADA90D50087FDB8 /* Base */,
			);
			name = LaunchScreen.storyboard;
			sourceTree = "<group>";
		};
/* End PBXVariantGroup section */

/* Begin XCBuildConfiguration section */
		F5A45E742ADA90D50087FDB8 /* Debug */ = {
			isa = XCBuildConfiguration;
			buildSettings = {
				ALWAYS_SEARCH_USER_PATHS = NO;
				ASSETCATALOG_COMPILER_GENERATE_SWIFT_ASSET_SYMBOL_EXTENSIONS = YES;
				CLANG_ANALYZER_NONNULL = YES;
				CLANG_ANALYZER_NUMBER_OBJECT_CONVERSION = YES_AGGRESSIVE;
				CLANG_CXX_LANGUAGE_STANDARD = "gnu++20";
				CLANG_ENABLE_MODULES = YES;
				CLANG_ENABLE_OBJC_ARC = YES;
				CLANG_ENABLE_OBJC_WEAK = YES;
				CLANG_WARN_BLOCK_CAPTURE_AUTORELEASING = YES;
				CLANG_WARN_BOOL_CONVERSION = YES;
				CLANG_WARN_COMMA = YES;
				CLANG_WARN_CONSTANT_CONVERSION = YES;
				CLANG_WARN_DEPRECATED_OBJC_IMPLEMENTATIONS = YES;
				CLANG_WARN_DIRECT_OBJC_ISA_USAGE = YES_ERROR;
				CLANG_WARN_DOCUMENTATION_COMMENTS = YES;
				CLANG_WARN_EMPTY_BODY = YES;
				CLANG_WARN_ENUM_CONVERSION = YES;
				CLANG_WARN_INFINITE_RECURSION = YES;
				CLANG_WARN_INT_CONVERSION = YES;
				CLANG_WARN_NON_LITERAL_NULL_CONVERSION = YES;
				CLANG_WARN_OBJC_IMPLICIT_RETAIN_SELF = YES;
				CLANG_WARN_OBJC_LITERAL_CONVERSION = YES;
				CLANG_WARN_OBJC_ROOT_CLASS = YES_ERROR;
				CLANG_WARN_QUOTED_INCLUDE_IN_FRAMEWORK_HEADER = YES;
				CLANG_WARN_RANGE_LOOP_ANALYSIS = YES;
				CLANG_WARN_STRICT_PROTOTYPES = YES;
				CLANG_WARN_SUSPICIOUS_MOVE = YES;
				CLANG_WARN_UNGUARDED_AVAILABILITY = YES_AGGRESSIVE;
				CLANG_WARN_UNREACHABLE_CODE = YES;
				CLANG_WARN__DUPLICATE_METHOD_MATCH = YES;
				COPY_PHASE_STRIP = NO;
				DEBUG_INFORMATION_FORMAT = dwarf;
				ENABLE_STRICT_OBJC_MSGSEND = YES;
				ENABLE_TESTABILITY = YES;
				ENABLE_USER_SCRIPT_SANDBOXING = NO;
				GCC_C_LANGUAGE_STANDARD = gnu17;
				GCC_DYNAMIC_NO_PIC = NO;
				GCC_NO_COMMON_BLOCKS = YES;
				GCC_OPTIMIZATION_LEVEL = 0;
				GCC_PREPROCESSOR_DEFINITIONS = (
					"DEBUG=1",
					"$(inherited)",
				);
				GCC_WARN_64_TO_32_BIT_CONVERSION = YES;
				GCC_WARN_ABOUT_RETURN_TYPE = YES_ERROR;
				GCC_WARN_UNDECLARED_SELECTOR = YES;
				GCC_WARN_UNINITIALIZED_AUTOS = YES_AGGRESSIVE;
				GCC_WARN_UNUSED_FUNCTION = YES;
				GCC_WARN_UNUSED_VARIABLE = YES;
				IPHONEOS_DEPLOYMENT_TARGET = 17.0;
				LOCALIZATION_PREFERS_STRING_CATALOGS = YES;
				MTL_ENABLE_DEBUG_INFO = INCLUDE_SOURCE;
				MTL_FAST_MATH = YES;
				ONLY_ACTIVE_ARCH = YES;
				SDKROOT = iphoneos;
				SWIFT_ACTIVE_COMPILATION_CONDITIONS = "DEBUG $(inherited)";
				SWIFT_OPTIMIZATION_LEVEL = "-Onone";
			};
			name = Debug;
		};
		F5A45E752ADA90D50087FDB8 /* Release */ = {
			isa = XCBuildConfiguration;
			buildSettings = {
				ALWAYS_SEARCH_USER_PATHS = NO;
				ASSETCATALOG_COMPILER_GENERATE_SWIFT_ASSET_SYMBOL_EXTENSIONS = YES;
				CLANG_ANALYZER_NONNULL = YES;
				CLANG_ANALYZER_NUMBER_OBJECT_CONVERSION = YES_AGGRESSIVE;
				CLANG_CXX_LANGUAGE_STANDARD = "gnu++20";
				CLANG_ENABLE_MODULES = YES;
				CLANG_ENABLE_OBJC_ARC = YES;
				CLANG_ENABLE_OBJC_WEAK = YES;
				CLANG_WARN_BLOCK_CAPTURE_AUTORELEASING = YES;
				CLANG_WARN_BOOL_CONVERSION = YES;
				CLANG_WARN_COMMA = YES;
				CLANG_WARN_CONSTANT_CONVERSION = YES;
				CLANG_WARN_DEPRECATED_OBJC_IMPLEMENTATIONS = YES;
				CLANG_WARN_DIRECT_OBJC_ISA_USAGE = YES_ERROR;
				CLANG_WARN_DOCUMENTATION_COMMENTS = YES;
				CLANG_WARN_EMPTY_BODY = YES;
				CLANG_WARN_ENUM_CONVERSION = YES;
				CLANG_WARN_INFINITE_RECURSION = YES;
				CLANG_WARN_INT_CONVERSION = YES;
				CLANG_WARN_NON_LITERAL_NULL_CONVERSION = YES;
				CLANG_WARN_OBJC_IMPLICIT_RETAIN_SELF = YES;
				CLANG_WARN_OBJC_LITERAL_CONVERSION = YES;
				CLANG_WARN_OBJC_ROOT_CLASS = YES_ERROR;
				CLANG_WARN_QUOTED_INCLUDE_IN_FRAMEWORK_HEADER = YES;
				CLANG_WARN_RANGE_LOOP_ANALYSIS = YES;
				CLANG_WARN_STRICT_PROTOTYPES = YES;
				CLANG_WARN_SUSPICIOUS_MOVE = YES;
				CLANG_WARN_UNGUARDED_AVAILABILITY = YES_AGGRESSIVE;
				CLANG_WARN_UNREACHABLE_CODE = YES;
				CLANG_WARN__DUPLICATE_METHOD_MATCH = YES;
				COPY_PHASE_STRIP = NO;
				DEBUG_INFORMATION_FORMAT = "dwarf-with-dsym";
				ENABLE_NS_ASSERTIONS = NO;
				ENABLE_STRICT_OBJC_MSGSEND = YES;
				ENABLE_USER_SCRIPT_SANDBOXING = NO;
				GCC_C_LANGUAGE_STANDARD = gnu17;
				GCC_NO_COMMON_BLOCKS = YES;
				GCC_WARN_64_TO_32_BIT_CONVERSION = YES;
				GCC_WARN_ABOUT_RETURN_TYPE = YES_ERROR;
				GCC_WARN_UNDECLARED_SELECTOR = YES;
				GCC_WARN_UNINITIALIZED_AUTOS = YES_AGGRESSIVE;
				GCC_WARN_UNUSED_FUNCTION = YES;
				GCC_WARN_UNUSED_VARIABLE = YES;
				IPHONEOS_DEPLOYMENT_TARGET = 17.0;
				LOCALIZATION_PREFERS_STRING_CATALOGS = YES;
				MTL_ENABLE_DEBUG_INFO = NO;
				MTL_FAST_MATH = YES;
				SDKROOT = iphoneos;
				SWIFT_COMPILATION_MODE = wholemodule;
				VALIDATE_PRODUCT = YES;
			};
			name = Release;
		};
		F5A45E772ADA90D50087FDB8 /* Debug */ = {
			isa = XCBuildConfiguration;
			baseConfigurationReference = E6849672445A00ADA90C28E1 /* Pods-VTBMapProject.debug.xcconfig */;
			buildSettings = {
				ASSETCATALOG_COMPILER_APPICON_NAME = AppIcon;
				ASSETCATALOG_COMPILER_GLOBAL_ACCENT_COLOR_NAME = AccentColor;
				CODE_SIGN_STYLE = Automatic;
				CURRENT_PROJECT_VERSION = 1;
				DEVELOPMENT_TEAM = 4CY94PJB8M;
				GENERATE_INFOPLIST_FILE = YES;
				INFOPLIST_FILE = VTBMapProject/Info.plist;
				INFOPLIST_KEY_UIApplicationSupportsIndirectInputEvents = YES;
				INFOPLIST_KEY_UILaunchStoryboardName = LaunchScreen;
				INFOPLIST_KEY_UIMainStoryboardFile = Main;
				INFOPLIST_KEY_UISupportedInterfaceOrientations_iPad = "UIInterfaceOrientationPortrait UIInterfaceOrientationPortraitUpsideDown UIInterfaceOrientationLandscapeLeft UIInterfaceOrientationLandscapeRight";
				INFOPLIST_KEY_UISupportedInterfaceOrientations_iPhone = "UIInterfaceOrientationPortrait UIInterfaceOrientationLandscapeLeft UIInterfaceOrientationLandscapeRight";
				LD_RUNPATH_SEARCH_PATHS = (
					"$(inherited)",
					"@executable_path/Frameworks",
				);
				MARKETING_VERSION = 1.0;
				PRODUCT_BUNDLE_IDENTIFIER = efreet666.VTBMapProject;
				PRODUCT_NAME = "$(TARGET_NAME)";
				SWIFT_EMIT_LOC_STRINGS = YES;
				SWIFT_VERSION = 5.0;
				TARGETED_DEVICE_FAMILY = "1,2";
			};
			name = Debug;
		};
		F5A45E782ADA90D50087FDB8 /* Release */ = {
			isa = XCBuildConfiguration;
			baseConfigurationReference = F3A9031687DE4BFF694853CE /* Pods-VTBMapProject.release.xcconfig */;
			buildSettings = {
				ASSETCATALOG_COMPILER_APPICON_NAME = AppIcon;
				ASSETCATALOG_COMPILER_GLOBAL_ACCENT_COLOR_NAME = AccentColor;
				CODE_SIGN_STYLE = Automatic;
				CURRENT_PROJECT_VERSION = 1;
				DEVELOPMENT_TEAM = 4CY94PJB8M;
				GENERATE_INFOPLIST_FILE = YES;
				INFOPLIST_FILE = VTBMapProject/Info.plist;
				INFOPLIST_KEY_UIApplicationSupportsIndirectInputEvents = YES;
				INFOPLIST_KEY_UILaunchStoryboardName = LaunchScreen;
				INFOPLIST_KEY_UIMainStoryboardFile = Main;
				INFOPLIST_KEY_UISupportedInterfaceOrientations_iPad = "UIInterfaceOrientationPortrait UIInterfaceOrientationPortraitUpsideDown UIInterfaceOrientationLandscapeLeft UIInterfaceOrientationLandscapeRight";
				INFOPLIST_KEY_UISupportedInterfaceOrientations_iPhone = "UIInterfaceOrientationPortrait UIInterfaceOrientationLandscapeLeft UIInterfaceOrientationLandscapeRight";
				LD_RUNPATH_SEARCH_PATHS = (
					"$(inherited)",
					"@executable_path/Frameworks",
				);
				MARKETING_VERSION = 1.0;
				PRODUCT_BUNDLE_IDENTIFIER = efreet666.VTBMapProject;
				PRODUCT_NAME = "$(TARGET_NAME)";
				SWIFT_EMIT_LOC_STRINGS = YES;
				SWIFT_VERSION = 5.0;
				TARGETED_DEVICE_FAMILY = "1,2";
			};
			name = Release;
		};
/* End XCBuildConfiguration section */

/* Begin XCConfigurationList section */
		F5A45E5D2ADA90D40087FDB8 /* Build configuration list for PBXProject "VTBMapProject" */ = {
			isa = XCConfigurationList;
			buildConfigurations = (
				F5A45E742ADA90D50087FDB8 /* Debug */,
				F5A45E752ADA90D50087FDB8 /* Release */,
			);
			defaultConfigurationIsVisible = 0;
			defaultConfigurationName = Release;
		};
		F5A45E762ADA90D50087FDB8 /* Build configuration list for PBXNativeTarget "VTBMapProject" */ = {
			isa = XCConfigurationList;
			buildConfigurations = (
				F5A45E772ADA90D50087FDB8 /* Debug */,
				F5A45E782ADA90D50087FDB8 /* Release */,
			);
			defaultConfigurationIsVisible = 0;
			defaultConfigurationName = Release;
		};
/* End XCConfigurationList section */
	};
	rootObject = F5A45E5A2ADA90D40087FDB8 /* Project object */;
}
